{
  "name": "desxa-companion",
  "version": "0.0.1",
  "lockfileVersion": 3,
  "requires": true,
  "packages": {
    "": {
      "name": "desxa-companion",
      "version": "0.0.1",
      "devDependencies": {
        "@types/node": "16.x",
        "@types/vscode": "^1.80.0"
      },
      "engines": {
        "vscode": "^1.80.0"
      }
    },
    "node_modules/@types/node": {
      "version": "16.18.126",
      "resolved": "https://registry.npmjs.org/@types/node/-/node-16.18.126.tgz",
      "integrity": "sha512-OTcgaiwfGFBKacvfwuHzzn1KLxH/er8mluiy8/uM3sGXHaRe73RrSIj01jow9t4kJEW633Ov+cOexXeiApTyAw==",
      "dev": true
    },
    "node_modules/@types/vscode": {
      "version": "1.101.0",
      "resolved": "https://registry.npmjs.org/@types/vscode/-/vscode-1.101.0.tgz",
      "integrity": "sha512-ZWf0IWa+NGegdW3iU42AcDTFHWW7fApLdkdnBqwYEtHVIBGbTu0ZNQKP/kX3Ds/uMJXIMQNAojHR4vexCEEz5Q==",
      "dev": true
    }
  }
}
